{
  "originHash" : "64da82aab5469082e974a1623007b601877abe93212dead659a8e94170f85930",
  "pins" : [
    {
      "identity" : "alerttoast",
      "kind" : "remoteSourceControl",
      "location" : "https://github.com/elai950/AlertToast.git",
      "state" : {
        "revision" : "b39252eacd159904afd7d718bba0afabb87f2f2f",
        "version" : "1.3.9"
      }
    },
    {
      "identity" : "attributedtext",
      "kind" : "remoteSourceControl",
      "location" : "https://github.com/Iaenhaall/AttributedText.git",
      "state" : {
        "revision" : "26a8be0285d664449e352d0e9b1b4a79ee9cecba",
        "version" : "1.2.0"
      }
    },
    {
      "identity" : "gsplayer",
      "kind" : "remoteSourceControl",
      "location" : "https://github.com/wxxsw/GSPlayer.git",
      "state" : {
        "revision" : "706fc28fcc8e33607993903eca82d9f6c7c3f6d2",
        "version" : "0.2.27"
      }
    },
    {
      "identity" : "swiftui-gif",
      "kind" : "remoteSourceControl",
      "location" : "https://github.com/globulus/swiftui-gif.git",
      "state" : {
        "revision" : "89af6b7e04b0dc0bf97a721d27fc87c4db8e3829",
        "version" : "1.0.1"
      }
    },
    {
      "identity" : "swiftui-image-viewer",
      "kind" : "remoteSourceControl",
      "location" : "https://github.com/Jake-Short/swiftui-image-viewer.git",
      "state" : {
        "revision" : "f61f298c0100c81dfb0c7908091e68aad12a892c",
        "version" : "2.3.1"
      }
    },
    {
      "identity" : "url-image",
      "kind" : "remoteSourceControl",
      "location" : "https://github.com/dmytro-anokhin/url-image.git",
      "state" : {
        "revision" : "ccab89ad1cedb04f25dd4df1776dd8c8583b914a",
        "version" : "2.2.5"
      }
    },
    {
      "identity" : "videoplayer",
      "kind" : "remoteSourceControl",
      "location" : "https://github.com/wxxsw/VideoPlayer",
      "state" : {
        "revision" : "0a271928849292713daf471398a2a9185f28709c",
        "version" : "1.2.4"
      }
    }
  ],
  "version" : 3
}
